# This file is generated by running "yarn install" inside your project.
# Manual changes might be lost - proceed with caution!

__metadata:
  version: 8
  cacheKey: 10c0

"@biomejs/biome@npm:^1.6.3":
  version: 1.6.3
  resolution: "@biomejs/biome@npm:1.6.3"
  dependencies:
    "@biomejs/cli-darwin-arm64": "npm:1.6.3"
    "@biomejs/cli-darwin-x64": "npm:1.6.3"
    "@biomejs/cli-linux-arm64": "npm:1.6.3"
    "@biomejs/cli-linux-arm64-musl": "npm:1.6.3"
    "@biomejs/cli-linux-x64": "npm:1.6.3"
    "@biomejs/cli-linux-x64-musl": "npm:1.6.3"
    "@biomejs/cli-win32-arm64": "npm:1.6.3"
    "@biomejs/cli-win32-x64": "npm:1.6.3"
  dependenciesMeta:
    "@biomejs/cli-darwin-arm64":
      optional: true
    "@biomejs/cli-darwin-x64":
      optional: true
    "@biomejs/cli-linux-arm64":
      optional: true
    "@biomejs/cli-linux-arm64-musl":
      optional: true
    "@biomejs/cli-linux-x64":
      optional: true
    "@biomejs/cli-linux-x64-musl":
      optional: true
    "@biomejs/cli-win32-arm64":
      optional: true
    "@biomejs/cli-win32-x64":
      optional: true
  bin:
    biome: bin/biome
  checksum: 10c0/5dd7a08e8c05eea2f687257c0d14c5fa0b433803ca9a003c447d501bc5167fb1a9d7daad12a7d177e1894666144d4c4897ec3efdfa78489d9606f08f222a5f60
  languageName: node
  linkType: hard

"@biomejs/cli-darwin-arm64@npm:1.6.3":
  version: 1.6.3
  resolution: "@biomejs/cli-darwin-arm64@npm:1.6.3"
  conditions: os=darwin & cpu=arm64
  languageName: node
  linkType: hard

"@biomejs/cli-darwin-x64@npm:1.6.3":
  version: 1.6.3
  resolution: "@biomejs/cli-darwin-x64@npm:1.6.3"
  conditions: os=darwin & cpu=x64
  languageName: node
  linkType: hard

"@biomejs/cli-linux-arm64-musl@npm:1.6.3":
  version: 1.6.3
  resolution: "@biomejs/cli-linux-arm64-musl@npm:1.6.3"
  conditions: os=linux & cpu=arm64 & libc=musl
  languageName: node
  linkType: hard

"@biomejs/cli-linux-arm64@npm:1.6.3":
  version: 1.6.3
  resolution: "@biomejs/cli-linux-arm64@npm:1.6.3"
  conditions: os=linux & cpu=arm64 & libc=glibc
  languageName: node
  linkType: hard

"@biomejs/cli-linux-x64-musl@npm:1.6.3":
  version: 1.6.3
  resolution: "@biomejs/cli-linux-x64-musl@npm:1.6.3"
  conditions: os=linux & cpu=x64 & libc=musl
  languageName: node
  linkType: hard

"@biomejs/cli-linux-x64@npm:1.6.3":
  version: 1.6.3
  resolution: "@biomejs/cli-linux-x64@npm:1.6.3"
  conditions: os=linux & cpu=x64 & libc=glibc
  languageName: node
  linkType: hard

"@biomejs/cli-win32-arm64@npm:1.6.3":
  version: 1.6.3
  resolution: "@biomejs/cli-win32-arm64@npm:1.6.3"
  conditions: os=win32 & cpu=arm64
  languageName: node
  linkType: hard

"@biomejs/cli-win32-x64@npm:1.6.3":
  version: 1.6.3
  resolution: "@biomejs/cli-win32-x64@npm:1.6.3"
  conditions: os=win32 & cpu=x64
  languageName: node
  linkType: hard

"fixture@workspace:.":
  version: 0.0.0-use.local
  resolution: "fixture@workspace:."
  dependencies:
    "@biomejs/biome": "npm:^1.6.3"
  languageName: unknown
  linkType: soft
